
Microsoft Visual Studio Solution File, Format Version 12.00
# Visual Studio 15
VisualStudioVersion = 15.0.28010.2003
MinimumVisualStudioVersion = 10.0.40219.1
Project("{FAE04EC0-301F-11D3-BF4B-00C04F79EFBC}") = "TestDeEsteEjercicio", "TestDeEsteEjercicio\TestDeEsteEjercicio.csproj", "{E151A289-A852-4982-9C9B-F3EEF5820F4D}"
EndProject
Project("{FAE04EC0-301F-11D3-BF4B-00C04F79EFBC}") = "Entidades", "Entidades\Entidades.csproj", "{44B9E01C-8FAA-4F65-972E-F47AE423EA63}"
EndProject
Global
	GlobalSection(SolutionConfigurationPlatforms) = preSolution
		Debug|Any CPU = Debug|Any CPU
		Release|Any CPU = Release|Any CPU
	EndGlobalSection
	GlobalSection(ProjectConfigurationPlatforms) = postSolution
		{E151A289-A852-4982-9C9B-F3EEF5820F4D}.Debug|Any CPU.ActiveCfg = Debug|Any CPU
		{E151A289-A852-4982-9C9B-F3EEF5820F4D}.Debug|Any CPU.Build.0 = Debug|Any CPU
		{E151A289-A852-4982-9C9B-F3EEF5820F4D}.Release|Any CPU.ActiveCfg = Release|Any CPU
		{E151A289-A852-4982-9C9B-F3EEF5820F4D}.Release|Any CPU.Build.0 = Release|Any CPU
		{44B9E01C-8FAA-4F65-972E-F47AE423EA63}.Debug|Any CPU.ActiveCfg = Debug|Any CPU
		{44B9E01C-8FAA-4F65-972E-F47AE423EA63}.Debug|Any CPU.Build.0 = Debug|Any CPU
		{44B9E01C-8FAA-4F65-972E-F47AE423EA63}.Release|Any CPU.ActiveCfg = Release|Any CPU
		{44B9E01C-8FAA-4F65-972E-F47AE423EA63}.Release|Any CPU.Build.0 = Release|Any CPU
	EndGlobalSection
	GlobalSection(SolutionProperties) = preSolution
		HideSolutionNode = FALSE
	EndGlobalSection
	GlobalSection(ExtensibilityGlobals) = postSolution
		SolutionGuid = {4CC3EF73-7635-40D3-9088-7BAAA4466CB1}
	EndGlobalSection
EndGlobal
