
Microsoft Visual Studio Solution File, Format Version 12.00
# Visual Studio 15
VisualStudioVersion = 15.0.27703.2047
MinimumVisualStudioVersion = 10.0.40219.1
Project("{FAE04EC0-301F-11D3-BF4B-00C04F79EFBC}") = "Ejercicio00", "Ejercicio00\Ejercicio00.csproj", "{6A58EE81-20F6-4F1F-AB35-F0F1E8D23368}"
EndProject
Project("{FAE04EC0-301F-11D3-BF4B-00C04F79EFBC}") = "Ejercicio01", "Ejercicio01\Ejercicio01.csproj", "{01AE46D3-206F-4416-9317-74DE02252D23}"
EndProject
Project("{FAE04EC0-301F-11D3-BF4B-00C04F79EFBC}") = "Ejercicio02", "Ejercicio02\Ejercicio02.csproj", "{33B68DF9-5869-4F81-B426-3ACE6F842320}"
EndProject
Project("{FAE04EC0-301F-11D3-BF4B-00C04F79EFBC}") = "EClases1", "EClases1\EClases1.csproj", "{6645C8BC-BF83-495E-8F00-B5AF12BF85AE}"
EndProject
Project("{FAE04EC0-301F-11D3-BF4B-00C04F79EFBC}") = "Ejercicio03", "Ejercicio03\Ejercicio03.csproj", "{398BC35D-367C-43F4-9CC0-7F1CFDA9D197}"
EndProject
Project("{FAE04EC0-301F-11D3-BF4B-00C04F79EFBC}") = "Ejercicio08", "Ejercicio08\Ejercicio08.csproj", "{72095588-246A-43F5-9E99-41F4C528AAC9}"
EndProject
Project("{FAE04EC0-301F-11D3-BF4B-00C04F79EFBC}") = "Ejercicio11", "Ejercicio11\Ejercicio11.csproj", "{677F8815-73DF-4F47-B1A4-FBEB068D48E6}"
EndProject
Project("{FAE04EC0-301F-11D3-BF4B-00C04F79EFBC}") = "Ejercicio12", "Ejercicio12\Ejercicio12.csproj", "{A1F88FB5-FCDE-4CC2-B9AA-2CC91CB86FF4}"
EndProject
Project("{FAE04EC0-301F-11D3-BF4B-00C04F79EFBC}") = "Ejercicio15", "Ejercicio15\Ejercicio15.csproj", "{29D90EE2-BE59-4C03-A635-1C2BE002C726}"
EndProject
Project("{FAE04EC0-301F-11D3-BF4B-00C04F79EFBC}") = "Ejercicio16", "Ejercicio16\Ejercicio16.csproj", "{748EEBCA-848B-4113-B331-FC4CF5816499}"
EndProject
Project("{FAE04EC0-301F-11D3-BF4B-00C04F79EFBC}") = "Clase05", "Clase05\Clase05.csproj", "{5FC25BD0-D60A-409D-A6A1-4BF45F18032B}"
EndProject
Project("{FAE04EC0-301F-11D3-BF4B-00C04F79EFBC}") = "Clase07", "Clase07\Clase07.csproj", "{E2D14021-4ED6-4F23-9458-5FF0BF01A49C}"
EndProject
Project("{FAE04EC0-301F-11D3-BF4B-00C04F79EFBC}") = "Entidades.Clase07", "Clase07_2\Entidades.Clase07.csproj", "{DA8C9A70-B9C0-46DB-8BB7-988F8F7A8D79}"
EndProject
Project("{FAE04EC0-301F-11D3-BF4B-00C04F79EFBC}") = "WindowsFormsApp1", "WindowsFormsApp1\WindowsFormsApp1.csproj", "{7B4CFB75-486C-4189-BC9F-44DA28ED4B9E}"
EndProject
Project("{FAE04EC0-301F-11D3-BF4B-00C04F79EFBC}") = "EntidadesTemPal", "EntidadesTemPal\EntidadesTemPal.csproj", "{B7D21E10-C8AD-4BB7-B355-9236154ECAD4}"
EndProject
Project("{FAE04EC0-301F-11D3-BF4B-00C04F79EFBC}") = "EntidadesP", "ClassLibrary2\EntidadesP.csproj", "{D1D9D3B1-2832-420D-9F97-81823AD6B9E6}"
EndProject
Project("{FAE04EC0-301F-11D3-BF4B-00C04F79EFBC}") = "VehiculoProgram", "VehiculoProgram\VehiculoProgram.csproj", "{9951DF52-C2EE-440D-B55F-C38F8E090FF6}"
EndProject
Project("{FAE04EC0-301F-11D3-BF4B-00C04F79EFBC}") = "EntidadesM", "EntidadesM\EntidadesM.csproj", "{9AA08BCC-3563-476D-9DCE-10CA9C5C1572}"
EndProject
Project("{FAE04EC0-301F-11D3-BF4B-00C04F79EFBC}") = "MascotaProgram", "MascotaProgram\MascotaProgram.csproj", "{98F57B19-5695-48AD-BBBF-B6A062DCB4B1}"
EndProject
Project("{FAE04EC0-301F-11D3-BF4B-00C04F79EFBC}") = "Ejercicio9", "Ejercicio9\Ejercicio9.csproj", "{6AB1E56F-A66A-4EED-8B91-A14F8C4440A0}"
EndProject
Global
	GlobalSection(SolutionConfigurationPlatforms) = preSolution
		Debug|Any CPU = Debug|Any CPU
		Release|Any CPU = Release|Any CPU
	EndGlobalSection
	GlobalSection(ProjectConfigurationPlatforms) = postSolution
		{6A58EE81-20F6-4F1F-AB35-F0F1E8D23368}.Debug|Any CPU.ActiveCfg = Debug|Any CPU
		{6A58EE81-20F6-4F1F-AB35-F0F1E8D23368}.Debug|Any CPU.Build.0 = Debug|Any CPU
		{6A58EE81-20F6-4F1F-AB35-F0F1E8D23368}.Release|Any CPU.ActiveCfg = Release|Any CPU
		{6A58EE81-20F6-4F1F-AB35-F0F1E8D23368}.Release|Any CPU.Build.0 = Release|Any CPU
		{01AE46D3-206F-4416-9317-74DE02252D23}.Debug|Any CPU.ActiveCfg = Debug|Any CPU
		{01AE46D3-206F-4416-9317-74DE02252D23}.Debug|Any CPU.Build.0 = Debug|Any CPU
		{01AE46D3-206F-4416-9317-74DE02252D23}.Release|Any CPU.ActiveCfg = Release|Any CPU
		{01AE46D3-206F-4416-9317-74DE02252D23}.Release|Any CPU.Build.0 = Release|Any CPU
		{33B68DF9-5869-4F81-B426-3ACE6F842320}.Debug|Any CPU.ActiveCfg = Debug|Any CPU
		{33B68DF9-5869-4F81-B426-3ACE6F842320}.Debug|Any CPU.Build.0 = Debug|Any CPU
		{33B68DF9-5869-4F81-B426-3ACE6F842320}.Release|Any CPU.ActiveCfg = Release|Any CPU
		{33B68DF9-5869-4F81-B426-3ACE6F842320}.Release|Any CPU.Build.0 = Release|Any CPU
		{6645C8BC-BF83-495E-8F00-B5AF12BF85AE}.Debug|Any CPU.ActiveCfg = Debug|Any CPU
		{6645C8BC-BF83-495E-8F00-B5AF12BF85AE}.Debug|Any CPU.Build.0 = Debug|Any CPU
		{6645C8BC-BF83-495E-8F00-B5AF12BF85AE}.Release|Any CPU.ActiveCfg = Release|Any CPU
		{6645C8BC-BF83-495E-8F00-B5AF12BF85AE}.Release|Any CPU.Build.0 = Release|Any CPU
		{398BC35D-367C-43F4-9CC0-7F1CFDA9D197}.Debug|Any CPU.ActiveCfg = Debug|Any CPU
		{398BC35D-367C-43F4-9CC0-7F1CFDA9D197}.Debug|Any CPU.Build.0 = Debug|Any CPU
		{398BC35D-367C-43F4-9CC0-7F1CFDA9D197}.Release|Any CPU.ActiveCfg = Release|Any CPU
		{398BC35D-367C-43F4-9CC0-7F1CFDA9D197}.Release|Any CPU.Build.0 = Release|Any CPU
		{72095588-246A-43F5-9E99-41F4C528AAC9}.Debug|Any CPU.ActiveCfg = Debug|Any CPU
		{72095588-246A-43F5-9E99-41F4C528AAC9}.Debug|Any CPU.Build.0 = Debug|Any CPU
		{72095588-246A-43F5-9E99-41F4C528AAC9}.Release|Any CPU.ActiveCfg = Release|Any CPU
		{72095588-246A-43F5-9E99-41F4C528AAC9}.Release|Any CPU.Build.0 = Release|Any CPU
		{677F8815-73DF-4F47-B1A4-FBEB068D48E6}.Debug|Any CPU.ActiveCfg = Debug|Any CPU
		{677F8815-73DF-4F47-B1A4-FBEB068D48E6}.Debug|Any CPU.Build.0 = Debug|Any CPU
		{677F8815-73DF-4F47-B1A4-FBEB068D48E6}.Release|Any CPU.ActiveCfg = Release|Any CPU
		{677F8815-73DF-4F47-B1A4-FBEB068D48E6}.Release|Any CPU.Build.0 = Release|Any CPU
		{A1F88FB5-FCDE-4CC2-B9AA-2CC91CB86FF4}.Debug|Any CPU.ActiveCfg = Debug|Any CPU
		{A1F88FB5-FCDE-4CC2-B9AA-2CC91CB86FF4}.Debug|Any CPU.Build.0 = Debug|Any CPU
		{A1F88FB5-FCDE-4CC2-B9AA-2CC91CB86FF4}.Release|Any CPU.ActiveCfg = Release|Any CPU
		{A1F88FB5-FCDE-4CC2-B9AA-2CC91CB86FF4}.Release|Any CPU.Build.0 = Release|Any CPU
		{29D90EE2-BE59-4C03-A635-1C2BE002C726}.Debug|Any CPU.ActiveCfg = Debug|Any CPU
		{29D90EE2-BE59-4C03-A635-1C2BE002C726}.Debug|Any CPU.Build.0 = Debug|Any CPU
		{29D90EE2-BE59-4C03-A635-1C2BE002C726}.Release|Any CPU.ActiveCfg = Release|Any CPU
		{29D90EE2-BE59-4C03-A635-1C2BE002C726}.Release|Any CPU.Build.0 = Release|Any CPU
		{748EEBCA-848B-4113-B331-FC4CF5816499}.Debug|Any CPU.ActiveCfg = Debug|Any CPU
		{748EEBCA-848B-4113-B331-FC4CF5816499}.Debug|Any CPU.Build.0 = Debug|Any CPU
		{748EEBCA-848B-4113-B331-FC4CF5816499}.Release|Any CPU.ActiveCfg = Release|Any CPU
		{748EEBCA-848B-4113-B331-FC4CF5816499}.Release|Any CPU.Build.0 = Release|Any CPU
		{5FC25BD0-D60A-409D-A6A1-4BF45F18032B}.Debug|Any CPU.ActiveCfg = Debug|Any CPU
		{5FC25BD0-D60A-409D-A6A1-4BF45F18032B}.Debug|Any CPU.Build.0 = Debug|Any CPU
		{5FC25BD0-D60A-409D-A6A1-4BF45F18032B}.Release|Any CPU.ActiveCfg = Release|Any CPU
		{5FC25BD0-D60A-409D-A6A1-4BF45F18032B}.Release|Any CPU.Build.0 = Release|Any CPU
		{E2D14021-4ED6-4F23-9458-5FF0BF01A49C}.Debug|Any CPU.ActiveCfg = Debug|Any CPU
		{E2D14021-4ED6-4F23-9458-5FF0BF01A49C}.Debug|Any CPU.Build.0 = Debug|Any CPU
		{E2D14021-4ED6-4F23-9458-5FF0BF01A49C}.Release|Any CPU.ActiveCfg = Release|Any CPU
		{E2D14021-4ED6-4F23-9458-5FF0BF01A49C}.Release|Any CPU.Build.0 = Release|Any CPU
		{DA8C9A70-B9C0-46DB-8BB7-988F8F7A8D79}.Debug|Any CPU.ActiveCfg = Debug|Any CPU
		{DA8C9A70-B9C0-46DB-8BB7-988F8F7A8D79}.Debug|Any CPU.Build.0 = Debug|Any CPU
		{DA8C9A70-B9C0-46DB-8BB7-988F8F7A8D79}.Release|Any CPU.ActiveCfg = Release|Any CPU
		{DA8C9A70-B9C0-46DB-8BB7-988F8F7A8D79}.Release|Any CPU.Build.0 = Release|Any CPU
		{7B4CFB75-486C-4189-BC9F-44DA28ED4B9E}.Debug|Any CPU.ActiveCfg = Debug|Any CPU
		{7B4CFB75-486C-4189-BC9F-44DA28ED4B9E}.Debug|Any CPU.Build.0 = Debug|Any CPU
		{7B4CFB75-486C-4189-BC9F-44DA28ED4B9E}.Release|Any CPU.ActiveCfg = Release|Any CPU
		{7B4CFB75-486C-4189-BC9F-44DA28ED4B9E}.Release|Any CPU.Build.0 = Release|Any CPU
		{B7D21E10-C8AD-4BB7-B355-9236154ECAD4}.Debug|Any CPU.ActiveCfg = Debug|Any CPU
		{B7D21E10-C8AD-4BB7-B355-9236154ECAD4}.Debug|Any CPU.Build.0 = Debug|Any CPU
		{B7D21E10-C8AD-4BB7-B355-9236154ECAD4}.Release|Any CPU.ActiveCfg = Release|Any CPU
		{B7D21E10-C8AD-4BB7-B355-9236154ECAD4}.Release|Any CPU.Build.0 = Release|Any CPU
		{D1D9D3B1-2832-420D-9F97-81823AD6B9E6}.Debug|Any CPU.ActiveCfg = Debug|Any CPU
		{D1D9D3B1-2832-420D-9F97-81823AD6B9E6}.Debug|Any CPU.Build.0 = Debug|Any CPU
		{D1D9D3B1-2832-420D-9F97-81823AD6B9E6}.Release|Any CPU.ActiveCfg = Release|Any CPU
		{D1D9D3B1-2832-420D-9F97-81823AD6B9E6}.Release|Any CPU.Build.0 = Release|Any CPU
		{9951DF52-C2EE-440D-B55F-C38F8E090FF6}.Debug|Any CPU.ActiveCfg = Debug|Any CPU
		{9951DF52-C2EE-440D-B55F-C38F8E090FF6}.Debug|Any CPU.Build.0 = Debug|Any CPU
		{9951DF52-C2EE-440D-B55F-C38F8E090FF6}.Release|Any CPU.ActiveCfg = Release|Any CPU
		{9951DF52-C2EE-440D-B55F-C38F8E090FF6}.Release|Any CPU.Build.0 = Release|Any CPU
		{9AA08BCC-3563-476D-9DCE-10CA9C5C1572}.Debug|Any CPU.ActiveCfg = Debug|Any CPU
		{9AA08BCC-3563-476D-9DCE-10CA9C5C1572}.Debug|Any CPU.Build.0 = Debug|Any CPU
		{9AA08BCC-3563-476D-9DCE-10CA9C5C1572}.Release|Any CPU.ActiveCfg = Release|Any CPU
		{9AA08BCC-3563-476D-9DCE-10CA9C5C1572}.Release|Any CPU.Build.0 = Release|Any CPU
		{98F57B19-5695-48AD-BBBF-B6A062DCB4B1}.Debug|Any CPU.ActiveCfg = Debug|Any CPU
		{98F57B19-5695-48AD-BBBF-B6A062DCB4B1}.Debug|Any CPU.Build.0 = Debug|Any CPU
		{98F57B19-5695-48AD-BBBF-B6A062DCB4B1}.Release|Any CPU.ActiveCfg = Release|Any CPU
		{98F57B19-5695-48AD-BBBF-B6A062DCB4B1}.Release|Any CPU.Build.0 = Release|Any CPU
		{6AB1E56F-A66A-4EED-8B91-A14F8C4440A0}.Debug|Any CPU.ActiveCfg = Debug|Any CPU
		{6AB1E56F-A66A-4EED-8B91-A14F8C4440A0}.Debug|Any CPU.Build.0 = Debug|Any CPU
		{6AB1E56F-A66A-4EED-8B91-A14F8C4440A0}.Release|Any CPU.ActiveCfg = Release|Any CPU
		{6AB1E56F-A66A-4EED-8B91-A14F8C4440A0}.Release|Any CPU.Build.0 = Release|Any CPU
	EndGlobalSection
	GlobalSection(SolutionProperties) = preSolution
		HideSolutionNode = FALSE
	EndGlobalSection
	GlobalSection(ExtensibilityGlobals) = postSolution
		SolutionGuid = {98D9C318-3DEC-4F08-B5E6-B091D7551984}
	EndGlobalSection
EndGlobal
