
Microsoft Visual Studio Solution File, Format Version 12.00
# Visual Studio 15
VisualStudioVersion = 15.0.27703.2047
MinimumVisualStudioVersion = 10.0.40219.1
Project("{FAE04EC0-301F-11D3-BF4B-00C04F79EFBC}") = "Entidades", "Entidades\Entidades.csproj", "{5387CBF7-3E42-4434-AE97-7A634781807D}"
EndProject
Project("{FAE04EC0-301F-11D3-BF4B-00C04F79EFBC}") = "TestPersona", "TestPersona\TestPersona.csproj", "{914F7D89-0CFB-4E63-A3B7-2A7BD4C734D6}"
EndProject
Global
	GlobalSection(SolutionConfigurationPlatforms) = preSolution
		Debug|Any CPU = Debug|Any CPU
		Release|Any CPU = Release|Any CPU
	EndGlobalSection
	GlobalSection(ProjectConfigurationPlatforms) = postSolution
		{5387CBF7-3E42-4434-AE97-7A634781807D}.Debug|Any CPU.ActiveCfg = Debug|Any CPU
		{5387CBF7-3E42-4434-AE97-7A634781807D}.Debug|Any CPU.Build.0 = Debug|Any CPU
		{5387CBF7-3E42-4434-AE97-7A634781807D}.Release|Any CPU.ActiveCfg = Release|Any CPU
		{5387CBF7-3E42-4434-AE97-7A634781807D}.Release|Any CPU.Build.0 = Release|Any CPU
		{914F7D89-0CFB-4E63-A3B7-2A7BD4C734D6}.Debug|Any CPU.ActiveCfg = Debug|Any CPU
		{914F7D89-0CFB-4E63-A3B7-2A7BD4C734D6}.Debug|Any CPU.Build.0 = Debug|Any CPU
		{914F7D89-0CFB-4E63-A3B7-2A7BD4C734D6}.Release|Any CPU.ActiveCfg = Release|Any CPU
		{914F7D89-0CFB-4E63-A3B7-2A7BD4C734D6}.Release|Any CPU.Build.0 = Release|Any CPU
	EndGlobalSection
	GlobalSection(SolutionProperties) = preSolution
		HideSolutionNode = FALSE
	EndGlobalSection
	GlobalSection(ExtensibilityGlobals) = postSolution
		SolutionGuid = {81C93C6A-9199-4645-9836-6301E0B4B5AC}
	EndGlobalSection
EndGlobal
